Microsoft Visual Studio Solution File, Format Version 12.00
# Visual Studio Version 17
VisualStudioVersion = 17.5.2.0
MinimumVisualStudioVersion = 10.0.40219.1
Project("{FAE04EC0-301F-11D3-BF4B-00C04F79EFBC}") = "solution", "solution.csproj", "{522C10EE-23D5-504B-783B-80941FD4BE57}"
EndProject
Global
	GlobalSection(SolutionConfigurationPlatforms) = preSolution
		Debug|Any CPU = Debug|Any CPU
		Release|Any CPU = Release|Any CPU
	EndGlobalSection
	GlobalSection(ProjectConfigurationPlatforms) = postSolution
		{522C10EE-23D5-504B-783B-80941FD4BE57}.Debug|Any CPU.ActiveCfg = Debug|Any CPU
		{522C10EE-23D5-504B-783B-80941FD4BE57}.Debug|Any CPU.Build.0 = Debug|Any CPU
		{522C10EE-23D5-504B-783B-80941FD4BE57}.Release|Any CPU.ActiveCfg = Release|Any CPU
		{522C10EE-23D5-504B-783B-80941FD4BE57}.Release|Any CPU.Build.0 = Release|Any CPU
	EndGlobalSection
	GlobalSection(SolutionProperties) = preSolution
		HideSolutionNode = FALSE
	EndGlobalSection
	GlobalSection(ExtensibilityGlobals) = postSolution
		SolutionGuid = {5B692CA0-B6D1-4A4F-A746-2B23982C3E97}
	EndGlobalSection
EndGlobal
